<?xml version="1.0" encoding="utf-8"?>
<Project ToolsVersion="4.0" xmlns="http://schemas.microsoft.com/developer/msbuild/2003">
  <ItemGroup>
    <Filter Include="Cerealbox">
      <UniqueIdentifier>{9A61C7DE-06CC-7B55-4F0A-2DFBBBB359AA}</UniqueIdentifier>
    </Filter>
  </ItemGroup>
  <ItemGroup>
    <ClInclude Include="src\Cerealbox.h" />
    <ClInclude Include="src\Cerealbox\Application.h">
      <Filter>Cerealbox</Filter>
    </ClInclude>
    <ClInclude Include="src\Cerealbox\Core.h">
      <Filter>Cerealbox</Filter>
    </ClInclude>
    <ClInclude Include="src\Cerealbox\EntryPoint.h">
      <Filter>Cerealbox</Filter>
    </ClInclude>
    <ClInclude Include="src\Cerealbox\Log.h">
      <Filter>Cerealbox</Filter>
    </ClInclude>
  </ItemGroup>
  <ItemGroup>
    <ClCompile Include="src\Cerealbox\Application.cpp">
      <Filter>Cerealbox</Filter>
    </ClCompile>
    <ClCompile Include="src\Cerealbox\Log.cpp">
      <Filter>Cerealbox</Filter>
    </ClCompile>
  </ItemGroup>
</Project>